// !$*UTF8*$!
{
	archiveVersion = 1;
	classes = {
	};
	objectVersion = 55;
	objects = {

/* Begin PBXBuildFile section */
		31DB303627C6E80900546E95 /* NewsAppApp.swift in Sources */ = {isa = PBXBuildFile; fileRef = 31DB303527C6E80900546E95 /* NewsAppApp.swift */; };
		31DB303827C6E80900546E95 /* ContentView.swift in Sources */ = {isa = PBXBuildFile; fileRef = 31DB303727C6E80900546E95 /* ContentView.swift */; };
		31DB303A27C6E80A00546E95 /* Assets.xcassets in Resources */ = {isa = PBXBuildFile; fileRef = 31DB303927C6E80A00546E95 /* Assets.xcassets */; };
		31DB303D27C6E80A00546E95 /* Preview Assets.xcassets in Resources */ = {isa = PBXBuildFile; fileRef = 31DB303C27C6E80A00546E95 /* Preview Assets.xcassets */; };
		31DB304727C6E80B00546E95 /* NewsAppTests.swift in Sources */ = {isa = PBXBuildFile; fileRef = 31DB304627C6E80B00546E95 /* NewsAppTests.swift */; };
		31DB305127C6E80B00546E95 /* NewsAppUITests.swift in Sources */ = {isa = PBXBuildFile; fileRef = 31DB305027C6E80B00546E95 /* NewsAppUITests.swift */; };
		31DB306327C6E85B00546E95 /* Constants.swift in Sources */ = {isa = PBXBuildFile; fileRef = 31DB306227C6E85B00546E95 /* Constants.swift */; };
		31DB306527C7BF9700546E95 /* News.swift in Sources */ = {isa = PBXBuildFile; fileRef = 31DB306427C7BF9700546E95 /* News.swift */; };
		31DB306727C7C0F700546E95 /* NewsViewModel.swift in Sources */ = {isa = PBXBuildFile; fileRef = 31DB306627C7C0F700546E95 /* NewsViewModel.swift */; };
		31DB306927C7E21000546E95 /* LoadNewsView.swift in Sources */ = {isa = PBXBuildFile; fileRef = 31DB306827C7E21000546E95 /* LoadNewsView.swift */; };
		31DB306B27C7E21E00546E95 /* ShowArticlesView.swift in Sources */ = {isa = PBXBuildFile; fileRef = 31DB306A27C7E21E00546E95 /* ShowArticlesView.swift */; };
		31DB307027C8E84300546E95 /* ArticlesListView.swift in Sources */ = {isa = PBXBuildFile; fileRef = 31DB306F27C8E84300546E95 /* ArticlesListView.swift */; };
		31DB307227C8EAB400546E95 /* ArticleView.swift in Sources */ = {isa = PBXBuildFile; fileRef = 31DB307127C8EAB400546E95 /* ArticleView.swift */; };
		31DB307427CB77EE00546E95 /* NewsAppUITestsLaunchTests.swift in Sources */ = {isa = PBXBuildFile; fileRef = 31DB307327CB77EE00546E95 /* NewsAppUITestsLaunchTests.swift */; };
/* End PBXBuildFile section */

/* Begin PBXContainerItemProxy section */
		31DB304327C6E80B00546E95 /* PBXContainerItemProxy */ = {
			isa = PBXContainerItemProxy;
			containerPortal = 31DB302A27C6E80900546E95 /* Project object */;
			proxyType = 1;
			remoteGlobalIDString = 31DB303127C6E80900546E95;
			remoteInfo = NewsApp;
		};
		31DB304D27C6E80B00546E95 /* PBXContainerItemProxy */ = {
			isa = PBXContainerItemProxy;
			containerPortal = 31DB302A27C6E80900546E95 /* Project object */;
			proxyType = 1;
			remoteGlobalIDString = 31DB303127C6E80900546E95;
			remoteInfo = NewsApp;
		};
/* End PBXContainerItemProxy section */

/* Begin PBXFileReference section */
		31DB303227C6E80900546E95 /* NewsApp.app */ = {isa = PBXFileReference; explicitFileType = wrapper.application; includeInIndex = 0; path = NewsApp.app; sourceTree = BUILT_PRODUCTS_DIR; };
		31DB303527C6E80900546E95 /* NewsAppApp.swift */ = {isa = PBXFileReference; lastKnownFileType = sourcecode.swift; path = NewsAppApp.swift; sourceTree = "<group>"; };
		31DB303727C6E80900546E95 /* ContentView.swift */ = {isa = PBXFileReference; lastKnownFileType = sourcecode.swift; path = ContentView.swift; sourceTree = "<group>"; };
		31DB303927C6E80A00546E95 /* Assets.xcassets */ = {isa = PBXFileReference; lastKnownFileType = folder.assetcatalog; path = Assets.xcassets; sourceTree = "<group>"; };
		31DB303C27C6E80A00546E95 /* Preview Assets.xcassets */ = {isa = PBXFileReference; lastKnownFileType = folder.assetcatalog; path = "Preview Assets.xcassets"; sourceTree = "<group>"; };
		31DB304227C6E80B00546E95 /* NewsAppTests.xctest */ = {isa = PBXFileReference; explicitFileType = wrapper.cfbundle; includeInIndex = 0; path = NewsAppTests.xctest; sourceTree = BUILT_PRODUCTS_DIR; };
		31DB304627C6E80B00546E95 /* NewsAppTests.swift */ = {isa = PBXFileReference; lastKnownFileType = sourcecode.swift; path = NewsAppTests.swift; sourceTree = "<group>"; };
		31DB304C27C6E80B00546E95 /* NewsAppUITests.xctest */ = {isa = PBXFileReference; explicitFileType = wrapper.cfbundle; includeInIndex = 0; path = NewsAppUITests.xctest; sourceTree = BUILT_PRODUCTS_DIR; };
		31DB305027C6E80B00546E95 /* NewsAppUITests.swift */ = {isa = PBXFileReference; lastKnownFileType = sourcecode.swift; path = NewsAppUITests.swift; sourceTree = "<group>"; };
		31DB306227C6E85B00546E95 /* Constants.swift */ = {isa = PBXFileReference; lastKnownFileType = sourcecode.swift; path = Constants.swift; sourceTree = "<group>"; };
		31DB306427C7BF9700546E95 /* News.swift */ = {isa = PBXFileReference; lastKnownFileType = sourcecode.swift; path = News.swift; sourceTree = "<group>"; };
		31DB306627C7C0F700546E95 /* NewsViewModel.swift */ = {isa = PBXFileReference; lastKnownFileType = sourcecode.swift; path = NewsViewModel.swift; sourceTree = "<group>"; };
		31DB306827C7E21000546E95 /* LoadNewsView.swift */ = {isa = PBXFileReference; lastKnownFileType = sourcecode.swift; path = LoadNewsView.swift; sourceTree = "<group>"; };
		31DB306A27C7E21E00546E95 /* ShowArticlesView.swift */ = {isa = PBXFileReference; lastKnownFileType = sourcecode.swift; path = ShowArticlesView.swift; sourceTree = "<group>"; };
		31DB306F27C8E84300546E95 /* ArticlesListView.swift */ = {isa = PBXFileReference; lastKnownFileType = sourcecode.swift; path = ArticlesListView.swift; sourceTree = "<group>"; };
		31DB307127C8EAB400546E95 /* ArticleView.swift */ = {isa = PBXFileReference; lastKnownFileType = sourcecode.swift; path = ArticleView.swift; sourceTree = "<group>"; };
		31DB307327CB77EE00546E95 /* NewsAppUITestsLaunchTests.swift */ = {isa = PBXFileReference; fileEncoding = 4; lastKnownFileType = sourcecode.swift; name = NewsAppUITestsLaunchTests.swift; path = ../../../.Trash/NewsAppUITestsLaunchTests.swift; sourceTree = "<group>"; };
/* End PBXFileReference section */

/* Begin PBXFrameworksBuildPhase section */
		31DB302F27C6E80900546E95 /* Frameworks */ = {
			isa = PBXFrameworksBuildPhase;
			buildActionMask = 2147483647;
			files = (
			);
			runOnlyForDeploymentPostprocessing = 0;
		};
		31DB303F27C6E80B00546E95 /* Frameworks */ = {
			isa = PBXFrameworksBuildPhase;
			buildActionMask = 2147483647;
			files = (
			);
			runOnlyForDeploymentPostprocessing = 0;
		};
		31DB304927C6E80B00546E95 /* Frameworks */ = {
			isa = PBXFrameworksBuildPhase;
			buildActionMask = 2147483647;
			files = (
			);
			runOnlyForDeploymentPostprocessing = 0;
		};
/* End PBXFrameworksBuildPhase section */

/* Begin PBXGroup section */
		31DB302927C6E80900546E95 = {
			isa = PBXGroup;
			children = (
				31DB303427C6E80900546E95 /* NewsApp */,
				31DB304527C6E80B00546E95 /* NewsAppTests */,
				31DB304F27C6E80B00546E95 /* NewsAppUITests */,
				31DB303327C6E80900546E95 /* Products */,
			);
			sourceTree = "<group>";
		};
		31DB303327C6E80900546E95 /* Products */ = {
			isa = PBXGroup;
			children = (
				31DB303227C6E80900546E95 /* NewsApp.app */,
				31DB304227C6E80B00546E95 /* NewsAppTests.xctest */,
				31DB304C27C6E80B00546E95 /* NewsAppUITests.xctest */,
			);
			name = Products;
			sourceTree = "<group>";
		};
		31DB303427C6E80900546E95 /* NewsApp */ = {
			isa = PBXGroup;
			children = (
				31DB306127C6E84800546E95 /* ViewModels */,
				31DB306027C6E84200546E95 /* Views */,
				31DB305F27C6E83C00546E95 /* Models */,
				31DB303527C6E80900546E95 /* NewsAppApp.swift */,
				31DB303727C6E80900546E95 /* ContentView.swift */,
				31DB303927C6E80A00546E95 /* Assets.xcassets */,
				31DB303B27C6E80A00546E95 /* Preview Content */,
				31DB306227C6E85B00546E95 /* Constants.swift */,
			);
			path = NewsApp;
			sourceTree = "<group>";
		};
		31DB303B27C6E80A00546E95 /* Preview Content */ = {
			isa = PBXGroup;
			children = (
				31DB303C27C6E80A00546E95 /* Preview Assets.xcassets */,
			);
			path = "Preview Content";
			sourceTree = "<group>";
		};
		31DB304527C6E80B00546E95 /* NewsAppTests */ = {
			isa = PBXGroup;
			children = (
				31DB304627C6E80B00546E95 /* NewsAppTests.swift */,
			);
			path = NewsAppTests;
			sourceTree = "<group>";
		};
		31DB304F27C6E80B00546E95 /* NewsAppUITests */ = {
			isa = PBXGroup;
			children = (
				31DB305027C6E80B00546E95 /* NewsAppUITests.swift */,
				31DB307327CB77EE00546E95 /* NewsAppUITestsLaunchTests.swift */,
			);
			path = NewsAppUITests;
			sourceTree = "<group>";
		};
		31DB305F27C6E83C00546E95 /* Models */ = {
			isa = PBXGroup;
			children = (
				31DB306427C7BF9700546E95 /* News.swift */,
			);
			path = Models;
			sourceTree = "<group>";
		};
		31DB306027C6E84200546E95 /* Views */ = {
			isa = PBXGroup;
			children = (
				31DB306827C7E21000546E95 /* LoadNewsView.swift */,
				31DB306A27C7E21E00546E95 /* ShowArticlesView.swift */,
				31DB306F27C8E84300546E95 /* ArticlesListView.swift */,
				31DB307127C8EAB400546E95 /* ArticleView.swift */,
			);
			path = Views;
			sourceTree = "<group>";
		};
		31DB306127C6E84800546E95 /* ViewModels */ = {
			isa = PBXGroup;
			children = (
				31DB306627C7C0F700546E95 /* NewsViewModel.swift */,
			);
			path = ViewModels;
			sourceTree = "<group>";
		};
/* End PBXGroup section */

/* Begin PBXNativeTarget section */
		31DB303127C6E80900546E95 /* NewsApp */ = {
			isa = PBXNativeTarget;
			buildConfigurationList = 31DB305627C6E80B00546E95 /* Build configuration list for PBXNativeTarget "NewsApp" */;
			buildPhases = (
				31DB302E27C6E80900546E95 /* Sources */,
				31DB302F27C6E80900546E95 /* Frameworks */,
				31DB303027C6E80900546E95 /* Resources */,
			);
			buildRules = (
			);
			dependencies = (
			);
			name = NewsApp;
			productName = NewsApp;
			productReference = 31DB303227C6E80900546E95 /* NewsApp.app */;
			productType = "com.apple.product-type.application";
		};
		31DB304127C6E80B00546E95 /* NewsAppTests */ = {
			isa = PBXNativeTarget;
			buildConfigurationList = 31DB305927C6E80B00546E95 /* Build configuration list for PBXNativeTarget "NewsAppTests" */;
			buildPhases = (
				31DB303E27C6E80B00546E95 /* Sources */,
				31DB303F27C6E80B00546E95 /* Frameworks */,
				31DB304027C6E80B00546E95 /* Resources */,
			);
			buildRules = (
			);
			dependencies = (
				31DB304427C6E80B00546E95 /* PBXTargetDependency */,
			);
			name = NewsAppTests;
			productName = NewsAppTests;
			productReference = 31DB304227C6E80B00546E95 /* NewsAppTests.xctest */;
			productType = "com.apple.product-type.bundle.unit-test";
		};
		31DB304B27C6E80B00546E95 /* NewsAppUITests */ = {
			isa = PBXNativeTarget;
			buildConfigurationList = 31DB305C27C6E80B00546E95 /* Build configuration list for PBXNativeTarget "NewsAppUITests" */;
			buildPhases = (
				31DB304827C6E80B00546E95 /* Sources */,
				31DB304927C6E80B00546E95 /* Frameworks */,
				31DB304A27C6E80B00546E95 /* Resources */,
			);
			buildRules = (
			);
			dependencies = (
				31DB304E27C6E80B00546E95 /* PBXTargetDependency */,
			);
			name = NewsAppUITests;
			productName = NewsAppUITests;
			productReference = 31DB304C27C6E80B00546E95 /* NewsAppUITests.xctest */;
			productType = "com.apple.product-type.bundle.ui-testing";
		};
/* End PBXNativeTarget section */

/* Begin PBXProject section */
		31DB302A27C6E80900546E95 /* Project object */ = {
			isa = PBXProject;
			attributes = {
				BuildIndependentTargetsInParallel = 1;
				LastSwiftUpdateCheck = 1320;
				LastUpgradeCheck = 1320;
				TargetAttributes = {
					31DB303127C6E80900546E95 = {
						CreatedOnToolsVersion = 13.2.1;
					};
					31DB304127C6E80B00546E95 = {
						CreatedOnToolsVersion = 13.2.1;
						TestTargetID = 31DB303127C6E80900546E95;
					};
					31DB304B27C6E80B00546E95 = {
						CreatedOnToolsVersion = 13.2.1;
						TestTargetID = 31DB303127C6E80900546E95;
					};
				};
			};
			buildConfigurationList = 31DB302D27C6E80900546E95 /* Build configuration list for PBXProject "NewsApp" */;
			compatibilityVersion = "Xcode 13.0";
			developmentRegion = en;
			hasScannedForEncodings = 0;
			knownRegions = (
				en,
				Base,
			);
			mainGroup = 31DB302927C6E80900546E95;
			productRefGroup = 31DB303327C6E80900546E95 /* Products */;
			projectDirPath = "";
			projectRoot = "";
			targets = (
				31DB303127C6E80900546E95 /* NewsApp */,
				31DB304127C6E80B00546E95 /* NewsAppTests */,
				31DB304B27C6E80B00546E95 /* NewsAppUITests */,
			);
		};
/* End PBXProject section */

/* Begin PBXResourcesBuildPhase section */
		31DB303027C6E80900546E95 /* Resources */ = {
			isa = PBXResourcesBuildPhase;
			buildActionMask = 2147483647;
			files = (
				31DB303D27C6E80A00546E95 /* Preview Assets.xcassets in Resources */,
				31DB303A27C6E80A00546E95 /* Assets.xcassets in Resources */,
			);
			runOnlyForDeploymentPostprocessing = 0;
		};
		31DB304027C6E80B00546E95 /* Resources */ = {
			isa = PBXResourcesBuildPhase;
			buildActionMask = 2147483647;
			files = (
			);
			runOnlyForDeploymentPostprocessing = 0;
		};
		31DB304A27C6E80B00546E95 /* Resources */ = {
			isa = PBXResourcesBuildPhase;
			buildActionMask = 2147483647;
			files = (
			);
			runOnlyForDeploymentPostprocessing = 0;
		};
/* End PBXResourcesBuildPhase section */

/* Begin PBXSourcesBuildPhase section */
		31DB302E27C6E80900546E95 /* Sources */ = {
			isa = PBXSourcesBuildPhase;
			buildActionMask = 2147483647;
			files = (
				31DB303827C6E80900546E95 /* ContentView.swift in Sources */,
				31DB306B27C7E21E00546E95 /* ShowArticlesView.swift in Sources */,
				31DB303627C6E80900546E95 /* NewsAppApp.swift in Sources */,
				31DB306727C7C0F700546E95 /* NewsViewModel.swift in Sources */,
				31DB306927C7E21000546E95 /* LoadNewsView.swift in Sources */,
				31DB306527C7BF9700546E95 /* News.swift in Sources */,
				31DB306327C6E85B00546E95 /* Constants.swift in Sources */,
				31DB307227C8EAB400546E95 /* ArticleView.swift in Sources */,
				31DB307027C8E84300546E95 /* ArticlesListView.swift in Sources */,
			);
			runOnlyForDeploymentPostprocessing = 0;
		};
		31DB303E27C6E80B00546E95 /* Sources */ = {
			isa = PBXSourcesBuildPhase;
			buildActionMask = 2147483647;
			files = (
				31DB304727C6E80B00546E95 /* NewsAppTests.swift in Sources */,
			);
			runOnlyForDeploymentPostprocessing = 0;
		};
		31DB304827C6E80B00546E95 /* Sources */ = {
			isa = PBXSourcesBuildPhase;
			buildActionMask = 2147483647;
			files = (
				31DB305127C6E80B00546E95 /* NewsAppUITests.swift in Sources */,
				31DB307427CB77EE00546E95 /* NewsAppUITestsLaunchTests.swift in Sources */,
			);
			runOnlyForDeploymentPostprocessing = 0;
		};
/* End PBXSourcesBuildPhase section */

/* Begin PBXTargetDependency section */
		31DB304427C6E80B00546E95 /* PBXTargetDependency */ = {
			isa = PBXTargetDependency;
			target = 31DB303127C6E80900546E95 /* NewsApp */;
			targetProxy = 31DB304327C6E80B00546E95 /* PBXContainerItemProxy */;
		};
		31DB304E27C6E80B00546E95 /* PBXTargetDependency */ = {
			isa = PBXTargetDependency;
			target = 31DB303127C6E80900546E95 /* NewsApp */;
			targetProxy = 31DB304D27C6E80B00546E95 /* PBXContainerItemProxy */;
		};
/* End PBXTargetDependency section */

/* Begin XCBuildConfiguration section */
		31DB305427C6E80B00546E95 /* Debug */ = {
			isa = XCBuildConfiguration;
			buildSettings = {
				ALWAYS_SEARCH_USER_PATHS = NO;
				CLANG_ANALYZER_NONNULL = YES;
				CLANG_ANALYZER_NUMBER_OBJECT_CONVERSION = YES_AGGRESSIVE;
				CLANG_CXX_LANGUAGE_STANDARD = "gnu++17";
				CLANG_CXX_LIBRARY = "libc++";
				CLANG_ENABLE_MODULES = YES;
				CLANG_ENABLE_OBJC_ARC = YES;
				CLANG_ENABLE_OBJC_WEAK = YES;
				CLANG_WARN_BLOCK_CAPTURE_AUTORELEASING = YES;
				CLANG_WARN_BOOL_CONVERSION = YES;
				CLANG_WARN_COMMA = YES;
				CLANG_WARN_CONSTANT_CONVERSION = YES;
				CLANG_WARN_DEPRECATED_OBJC_IMPLEMENTATIONS = YES;
				CLANG_WARN_DIRECT_OBJC_ISA_USAGE = YES_ERROR;
				CLANG_WARN_DOCUMENTATION_COMMENTS = YES;
				CLANG_WARN_EMPTY_BODY = YES;
				CLANG_WARN_ENUM_CONVERSION = YES;
				CLANG_WARN_INFINITE_RECURSION = YES;
				CLANG_WARN_INT_CONVERSION = YES;
				CLANG_WARN_NON_LITERAL_NULL_CONVERSION = YES;
				CLANG_WARN_OBJC_IMPLICIT_RETAIN_SELF = YES;
				CLANG_WARN_OBJC_LITERAL_CONVERSION = YES;
				CLANG_WARN_OBJC_ROOT_CLASS = YES_ERROR;
				CLANG_WARN_QUOTED_INCLUDE_IN_FRAMEWORK_HEADER = YES;
				CLANG_WARN_RANGE_LOOP_ANALYSIS = YES;
				CLANG_WARN_STRICT_PROTOTYPES = YES;
				CLANG_WARN_SUSPICIOUS_MOVE = YES;
				CLANG_WARN_UNGUARDED_AVAILABILITY = YES_AGGRESSIVE;
				CLANG_WARN_UNREACHABLE_CODE = YES;
				CLANG_WARN__DUPLICATE_METHOD_MATCH = YES;
				COPY_PHASE_STRIP = NO;
				DEBUG_INFORMATION_FORMAT = dwarf;
				ENABLE_STRICT_OBJC_MSGSEND = YES;
				ENABLE_TESTABILITY = YES;
				GCC_C_LANGUAGE_STANDARD = gnu11;
				GCC_DYNAMIC_NO_PIC = NO;
				GCC_NO_COMMON_BLOCKS = YES;
				GCC_OPTIMIZATION_LEVEL = 0;
				GCC_PREPROCESSOR_DEFINITIONS = (
					"DEBUG=1",
					"$(inherited)",
				);
				GCC_WARN_64_TO_32_BIT_CONVERSION = YES;
				GCC_WARN_ABOUT_RETURN_TYPE = YES_ERROR;
				GCC_WARN_UNDECLARED_SELECTOR = YES;
				GCC_WARN_UNINITIALIZED_AUTOS = YES_AGGRESSIVE;
				GCC_WARN_UNUSED_FUNCTION = YES;
				GCC_WARN_UNUSED_VARIABLE = YES;
				IPHONEOS_DEPLOYMENT_TARGET = 15.2;
				MTL_ENABLE_DEBUG_INFO = INCLUDE_SOURCE;
				MTL_FAST_MATH = YES;
				ONLY_ACTIVE_ARCH = YES;
				SDKROOT = iphoneos;
				SWIFT_ACTIVE_COMPILATION_CONDITIONS = DEBUG;
				SWIFT_OPTIMIZATION_LEVEL = "-Onone";
			};
			name = Debug;
		};
		31DB305527C6E80B00546E95 /* Release */ = {
			isa = XCBuildConfiguration;
			buildSettings = {
				ALWAYS_SEARCH_USER_PATHS = NO;
				CLANG_ANALYZER_NONNULL = YES;
				CLANG_ANALYZER_NUMBER_OBJECT_CONVERSION = YES_AGGRESSIVE;
				CLANG_CXX_LANGUAGE_STANDARD = "gnu++17";
				CLANG_CXX_LIBRARY = "libc++";
				CLANG_ENABLE_MODULES = YES;
				CLANG_ENABLE_OBJC_ARC = YES;
				CLANG_ENABLE_OBJC_WEAK = YES;
				CLANG_WARN_BLOCK_CAPTURE_AUTORELEASING = YES;
				CLANG_WARN_BOOL_CONVERSION = YES;
				CLANG_WARN_COMMA = YES;
				CLANG_WARN_CONSTANT_CONVERSION = YES;
				CLANG_WARN_DEPRECATED_OBJC_IMPLEMENTATIONS = YES;
				CLANG_WARN_DIRECT_OBJC_ISA_USAGE = YES_ERROR;
				CLANG_WARN_DOCUMENTATION_COMMENTS = YES;
				CLANG_WARN_EMPTY_BODY = YES;
				CLANG_WARN_ENUM_CONVERSION = YES;
				CLANG_WARN_INFINITE_RECURSION = YES;
				CLANG_WARN_INT_CONVERSION = YES;
				CLANG_WARN_NON_LITERAL_NULL_CONVERSION = YES;
				CLANG_WARN_OBJC_IMPLICIT_RETAIN_SELF = YES;
				CLANG_WARN_OBJC_LITERAL_CONVERSION = YES;
				CLANG_WARN_OBJC_ROOT_CLASS = YES_ERROR;
				CLANG_WARN_QUOTED_INCLUDE_IN_FRAMEWORK_HEADER = YES;
				CLANG_WARN_RANGE_LOOP_ANALYSIS = YES;
				CLANG_WARN_STRICT_PROTOTYPES = YES;
				CLANG_WARN_SUSPICIOUS_MOVE = YES;
				CLANG_WARN_UNGUARDED_AVAILABILITY = YES_AGGRESSIVE;
				CLANG_WARN_UNREACHABLE_CODE = YES;
				CLANG_WARN__DUPLICATE_METHOD_MATCH = YES;
				COPY_PHASE_STRIP = NO;
				DEBUG_INFORMATION_FORMAT = "dwarf-with-dsym";
				ENABLE_NS_ASSERTIONS = NO;
				ENABLE_STRICT_OBJC_MSGSEND = YES;
				GCC_C_LANGUAGE_STANDARD = gnu11;
				GCC_NO_COMMON_BLOCKS = YES;
				GCC_WARN_64_TO_32_BIT_CONVERSION = YES;
				GCC_WARN_ABOUT_RETURN_TYPE = YES_ERROR;
				GCC_WARN_UNDECLARED_SELECTOR = YES;
				GCC_WARN_UNINITIALIZED_AUTOS = YES_AGGRESSIVE;
				GCC_WARN_UNUSED_FUNCTION = YES;
				GCC_WARN_UNUSED_VARIABLE = YES;
				IPHONEOS_DEPLOYMENT_TARGET = 15.2;
				MTL_ENABLE_DEBUG_INFO = NO;
				MTL_FAST_MATH = YES;
				SDKROOT = iphoneos;
				SWIFT_COMPILATION_MODE = wholemodule;
				SWIFT_OPTIMIZATION_LEVEL = "-O";
				VALIDATE_PRODUCT = YES;
			};
			name = Release;
		};
		31DB305727C6E80B00546E95 /* Debug */ = {
			isa = XCBuildConfiguration;
			buildSettings = {
				ASSETCATALOG_COMPILER_APPICON_NAME = AppIcon;
				ASSETCATALOG_COMPILER_GLOBAL_ACCENT_COLOR_NAME = AccentColor;
				CODE_SIGN_STYLE = Automatic;
				CURRENT_PROJECT_VERSION = 1;
				DEVELOPMENT_ASSET_PATHS = "\"NewsApp/Preview Content\"";
				DEVELOPMENT_TEAM = 67Y3VD4M3Y;
				ENABLE_PREVIEWS = YES;
				GENERATE_INFOPLIST_FILE = YES;
				INFOPLIST_KEY_UIApplicationSceneManifest_Generation = YES;
				INFOPLIST_KEY_UIApplicationSupportsIndirectInputEvents = YES;
				INFOPLIST_KEY_UILaunchScreen_Generation = YES;
				INFOPLIST_KEY_UISupportedInterfaceOrientations_iPad = "UIInterfaceOrientationPortrait UIInterfaceOrientationPortraitUpsideDown UIInterfaceOrientationLandscapeLeft UIInterfaceOrientationLandscapeRight";
				INFOPLIST_KEY_UISupportedInterfaceOrientations_iPhone = "UIInterfaceOrientationPortrait UIInterfaceOrientationLandscapeLeft UIInterfaceOrientationLandscapeRight";
				LD_RUNPATH_SEARCH_PATHS = (
					"$(inherited)",
					"@executable_path/Frameworks",
				);
				MARKETING_VERSION = 1.0;
				PRODUCT_BUNDLE_IDENTIFIER = armengol.lluis.NewsApp;
				PRODUCT_NAME = "$(TARGET_NAME)";
				SWIFT_EMIT_LOC_STRINGS = YES;
				SWIFT_VERSION = 5.0;
				TARGETED_DEVICE_FAMILY = "1,2";
			};
			name = Debug;
		};
		31DB305827C6E80B00546E95 /* Release */ = {
			isa = XCBuildConfiguration;
			buildSettings = {
				ASSETCATALOG_COMPILER_APPICON_NAME = AppIcon;
				ASSETCATALOG_COMPILER_GLOBAL_ACCENT_COLOR_NAME = AccentColor;
				CODE_SIGN_STYLE = Automatic;
				CURRENT_PROJECT_VERSION = 1;
				DEVELOPMENT_ASSET_PATHS = "\"NewsApp/Preview Content\"";
				DEVELOPMENT_TEAM = 67Y3VD4M3Y;
				ENABLE_PREVIEWS = YES;
				GENERATE_INFOPLIST_FILE = YES;
				INFOPLIST_KEY_UIApplicationSceneManifest_Generation = YES;
				INFOPLIST_KEY_UIApplicationSupportsIndirectInputEvents = YES;
				INFOPLIST_KEY_UILaunchScreen_Generation = YES;
				INFOPLIST_KEY_UISupportedInterfaceOrientations_iPad = "UIInterfaceOrientationPortrait UIInterfaceOrientationPortraitUpsideDown UIInterfaceOrientationLandscapeLeft UIInterfaceOrientationLandscapeRight";
				INFOPLIST_KEY_UISupportedInterfaceOrientations_iPhone = "UIInterfaceOrientationPortrait UIInterfaceOrientationLandscapeLeft UIInterfaceOrientationLandscapeRight";
				LD_RUNPATH_SEARCH_PATHS = (
					"$(inherited)",
					"@executable_path/Frameworks",
				);
				MARKETING_VERSION = 1.0;
				PRODUCT_BUNDLE_IDENTIFIER = armengol.lluis.NewsApp;
				PRODUCT_NAME = "$(TARGET_NAME)";
				SWIFT_EMIT_LOC_STRINGS = YES;
				SWIFT_VERSION = 5.0;
				TARGETED_DEVICE_FAMILY = "1,2";
			};
			name = Release;
		};
		31DB305A27C6E80B00546E95 /* Debug */ = {
			isa = XCBuildConfiguration;
			buildSettings = {
				ALWAYS_EMBED_SWIFT_STANDARD_LIBRARIES = YES;
				BUNDLE_LOADER = "$(TEST_HOST)";
				CODE_SIGN_STYLE = Automatic;
				CURRENT_PROJECT_VERSION = 1;
				DEVELOPMENT_TEAM = 67Y3VD4M3Y;
				GENERATE_INFOPLIST_FILE = YES;
				IPHONEOS_DEPLOYMENT_TARGET = 15.2;
				MARKETING_VERSION = 1.0;
				PRODUCT_BUNDLE_IDENTIFIER = armengol.lluis.NewsAppTests;
				PRODUCT_NAME = "$(TARGET_NAME)";
				SWIFT_EMIT_LOC_STRINGS = NO;
				SWIFT_VERSION = 5.0;
				TARGETED_DEVICE_FAMILY = "1,2";
				TEST_HOST = "$(BUILT_PRODUCTS_DIR)/NewsApp.app/NewsApp";
			};
			name = Debug;
		};
		31DB305B27C6E80B00546E95 /* Release */ = {
			isa = XCBuildConfiguration;
			buildSettings = {
				ALWAYS_EMBED_SWIFT_STANDARD_LIBRARIES = YES;
				BUNDLE_LOADER = "$(TEST_HOST)";
				CODE_SIGN_STYLE = Automatic;
				CURRENT_PROJECT_VERSION = 1;
				DEVELOPMENT_TEAM = 67Y3VD4M3Y;
				GENERATE_INFOPLIST_FILE = YES;
				IPHONEOS_DEPLOYMENT_TARGET = 15.2;
				MARKETING_VERSION = 1.0;
				PRODUCT_BUNDLE_IDENTIFIER = armengol.lluis.NewsAppTests;
				PRODUCT_NAME = "$(TARGET_NAME)";
				SWIFT_EMIT_LOC_STRINGS = NO;
				SWIFT_VERSION = 5.0;
				TARGETED_DEVICE_FAMILY = "1,2";
				TEST_HOST = "$(BUILT_PRODUCTS_DIR)/NewsApp.app/NewsApp";
			};
			name = Release;
		};
		31DB305D27C6E80B00546E95 /* Debug */ = {
			isa = XCBuildConfiguration;
			buildSettings = {
				ALWAYS_EMBED_SWIFT_STANDARD_LIBRARIES = YES;
				CODE_SIGN_STYLE = Automatic;
				CURRENT_PROJECT_VERSION = 1;
				DEVELOPMENT_TEAM = 67Y3VD4M3Y;
				GENERATE_INFOPLIST_FILE = YES;
				MARKETING_VERSION = 1.0;
				PRODUCT_BUNDLE_IDENTIFIER = armengol.lluis.NewsAppUITests;
				PRODUCT_NAME = "$(TARGET_NAME)";
				SWIFT_EMIT_LOC_STRINGS = NO;
				SWIFT_VERSION = 5.0;
				TARGETED_DEVICE_FAMILY = "1,2";
				TEST_TARGET_NAME = NewsApp;
			};
			name = Debug;
		};
		31DB305E27C6E80B00546E95 /* Release */ = {
			isa = XCBuildConfiguration;
			buildSettings = {
				ALWAYS_EMBED_SWIFT_STANDARD_LIBRARIES = YES;
				CODE_SIGN_STYLE = Automatic;
				CURRENT_PROJECT_VERSION = 1;
				DEVELOPMENT_TEAM = 67Y3VD4M3Y;
				GENERATE_INFOPLIST_FILE = YES;
				MARKETING_VERSION = 1.0;
				PRODUCT_BUNDLE_IDENTIFIER = armengol.lluis.NewsAppUITests;
				PRODUCT_NAME = "$(TARGET_NAME)";
				SWIFT_EMIT_LOC_STRINGS = NO;
				SWIFT_VERSION = 5.0;
				TARGETED_DEVICE_FAMILY = "1,2";
				TEST_TARGET_NAME = NewsApp;
			};
			name = Release;
		};
/* End XCBuildConfiguration section */

/* Begin XCConfigurationList section */
		31DB302D27C6E80900546E95 /* Build configuration list for PBXProject "NewsApp" */ = {
			isa = XCConfigurationList;
			buildConfigurations = (
				31DB305427C6E80B00546E95 /* Debug */,
				31DB305527C6E80B00546E95 /* Release */,
			);
			defaultConfigurationIsVisible = 0;
			defaultConfigurationName = Release;
		};
		31DB305627C6E80B00546E95 /* Build configuration list for PBXNativeTarget "NewsApp" */ = {
			isa = XCConfigurationList;
			buildConfigurations = (
				31DB305727C6E80B00546E95 /* Debug */,
				31DB305827C6E80B00546E95 /* Release */,
			);
			defaultConfigurationIsVisible = 0;
			defaultConfigurationName = Release;
		};
		31DB305927C6E80B00546E95 /* Build configuration list for PBXNativeTarget "NewsAppTests" */ = {
			isa = XCConfigurationList;
			buildConfigurations = (
				31DB305A27C6E80B00546E95 /* Debug */,
				31DB305B27C6E80B00546E95 /* Release */,
			);
			defaultConfigurationIsVisible = 0;
			defaultConfigurationName = Release;
		};
		31DB305C27C6E80B00546E95 /* Build configuration list for PBXNativeTarget "NewsAppUITests" */ = {
			isa = XCConfigurationList;
			buildConfigurations = (
				31DB305D27C6E80B00546E95 /* Debug */,
				31DB305E27C6E80B00546E95 /* Release */,
			);
			defaultConfigurationIsVisible = 0;
			defaultConfigurationName = Release;
		};
/* End XCConfigurationList section */
	};
	rootObject = 31DB302A27C6E80900546E95 /* Project object */;
}
